
Microsoft Visual Studio Solution File, Format Version 12.00
# Visual Studio Version 16
VisualStudioVersion = 16.0.30717.126
MinimumVisualStudioVersion = 10.0.40219.1
Project("{FAE04EC0-301F-11D3-BF4B-00C04F79EFBC}") = "demoapp", "demoapp\demoapp.csproj", "{97759A07-1413-41DE-AE3E-DB0DF73E3647}"
EndProject
Global
	GlobalSection(SolutionConfigurationPlatforms) = preSolution
		Debug|Any CPU = Debug|Any CPU
		Release|Any CPU = Release|Any CPU
	EndGlobalSection
	GlobalSection(ProjectConfigurationPlatforms) = postSolution
		{97759A07-1413-41DE-AE3E-DB0DF73E3647}.Debug|Any CPU.ActiveCfg = Debug|Any CPU
		{97759A07-1413-41DE-AE3E-DB0DF73E3647}.Debug|Any CPU.Build.0 = Debug|Any CPU
		{97759A07-1413-41DE-AE3E-DB0DF73E3647}.Release|Any CPU.ActiveCfg = Release|Any CPU
		{97759A07-1413-41DE-AE3E-DB0DF73E3647}.Release|Any CPU.Build.0 = Release|Any CPU
	EndGlobalSection
	GlobalSection(SolutionProperties) = preSolution
		HideSolutionNode = FALSE
	EndGlobalSection
	GlobalSection(ExtensibilityGlobals) = postSolution
		SolutionGuid = {AB68E759-488E-441A-8B77-BC4021328C11}
	EndGlobalSection
EndGlobal
